github.com/SENERGY-Platform/go-base-http-client v0.1.0 h1:PUiZVEj7/cMSZJ0g5G611tjY9bSh1Eby+tcktrgpiZ0=
github.com/SENERGY-Platform/go-base-http-client v0.1.0/go.mod h1:NfKW/relIVTkMXhz4OqZlzJXYPQUYEKxwqou8D0B/Kw=
github.com/SENERGY-Platform/go-service-base/config-hdl v0.1.1 h1:ITwMKdB2EgWn6McDPgS+pc2yjzIrXTKWh4noKp1DOic=
github.com/SENERGY-Platform/go-service-base/config-hdl v0.1.1/go.mod h1:pQjV0KfwCM91I7LSTUg9t4tgSNSHKiefH/O5+J5N8z8=
github.com/SENERGY-Platform/go-service-base/logger v0.2.0 h1:O8aGx+JJVyV6AxfcxIVHH6lyXeRMleui6L9J9JEI3vM=
github.com/SENERGY-Platform/go-service-base/logger v0.2.0/go.mod h1:4g66GXZ3LBa0XSB2eSdDJtqLkm2xuju4qzc77Cf2Nhc=
github.com/SENERGY-Platform/go-service-base/srv-info-hdl v0.0.3 h1:/A2bZFh3Aol1uXuR0YAxVB4POcRSshBIG2qfIEIW+gg=
github.com/SENERGY-Platform/go-service-base/srv-info-hdl v0.0.3/go.mod h1:Go9v41HF8FYnGr40jnzl8pfT7xvls3HXinJOiPj4Yh0=
github.com/SENERGY-Platform/go-service-base/srv-info-hdl/lib v0.0.2 h1:Bcdxt7i3DGGvlwS6U3NY9eGJjiPuv3ZpbMwebEUV+nE=
github.com/SENERGY-Platform/go-service-base/srv-info-hdl/lib v0.0.2/go.mod h1:vcvyLaSoZsScGQ8K/OuJxlANTs5FPozsLvPzFUZgiVM=
github.com/SENERGY-Platform/go-service-base/util v1.1.0 h1:dsfWSfv+k0xr1kgasjIfw1UrvYL2G4QUmMvEwwNJi7c=
github.com/SENERGY-Platform/go-service-base/util v1.1.0/go.mod h1:/gs/BaaSNwC+jbjsSgWDPoeMhfq8uJsf0WVQtyjP+wM=
github.com/google/uuid v1.6.0 h1:NIvaJDMOsjHA8n1jAhLSgzrAzy1Hgr+hNrb57e+94F0=
github.com/google/uuid v1.6.0/go.mod h1:TIyPZe4MgqvfeYDBFedMoGGpEw/LqOeaOT+nhxU+yHo=
github.com/y-du/go-env-loader v0.5.2 h1:LxubTfx7zl1VpBNzUQidSp3yub3/7mxMg63QSuRlhd4=
github.com/y-du/go-env-loader v0.5.2/go.mod h1:QBaFGtrTdp4eiMUjg9UFf1F3TzbEbUhWDeHYyEsqs8Y=
github.com/y-du/go-log-level v1.0.0 h1:Q4Ffqxmf/tn9DBbOMwcjEGkWwQyYMwPn+FR06k5HJ70=
github.com/y-du/go-log-level v1.0.0/go.mod h1:lhCvJlDCuSC9GfmtVDXuXc7lbbAd8igxl58qK8SjPX8=
