github.com/SENERGY-Platform/api-docs-provider/lib/models v0.0.1 h1:5H1853zOVN6jjUTgRwfslPMGq/VY5PnbJDjxfSuKg6g=
github.com/SENERGY-Platform/api-docs-provider/lib/models v0.0.1/go.mod h1:tTT3GhSD1Zue/L+HmHbr9YH+gPKLQVcYcnrbwrPcPFg=
github.com/SENERGY-Platform/go-base-http-client v0.1.0 h1:PUiZVEj7/cMSZJ0g5G611tjY9bSh1Eby+tcktrgpiZ0=
github.com/SENERGY-Platform/go-base-http-client v0.1.0/go.mod h1:NfKW/relIVTkMXhz4OqZlzJXYPQUYEKxwqou8D0B/Kw=
